
Microsoft Visual Studio Solution File, Format Version 12.00
# Visual Studio Version 16
VisualStudioVersion = 16.0.30309.148
MinimumVisualStudioVersion = 10.0.40219.1
Project("{2150E333-8FDC-42A3-9474-1A3956D46DE8}") = "Infrastructure", "Infrastructure", "{36235633-B9D3-4155-955F-BBA80421B82E}"
EndProject
Project("{FAE04EC0-301F-11D3-BF4B-00C04F79EFBC}") = "WebShop.Infrastructure", "WebShop.Infrastructure\WebShop.Infrastructure.csproj", "{7707BA87-4E35-4AE5-8885-1D06DA34AFB2}"
EndProject
Project("{9A19103F-16F7-4668-BE54-9A1E7A4F7556}") = "WebShopClient", "WebShopClient\WebShopClient.csproj", "{D8C6F13A-862B-4CA2-A374-A77A0EBA7396}"
	ProjectSection(ProjectDependencies) = postProject
		{175BB00C-7F7D-462B-9622-4EC4E7558CDA} = {175BB00C-7F7D-462B-9622-4EC4E7558CDA}
	EndProjectSection
EndProject
Project("{2150E333-8FDC-42A3-9474-1A3956D46DE8}") = "WebShop", "WebShop", "{9EF2C32F-4D02-4D8B-9569-D015A7FE46D0}"
EndProject
Project("{9A19103F-16F7-4668-BE54-9A1E7A4F7556}") = "WebShopApi", "WebShopApi\WebShopApi.csproj", "{175BB00C-7F7D-462B-9622-4EC4E7558CDA}"
EndProject
Global
	GlobalSection(SolutionConfigurationPlatforms) = preSolution
		Debug|Any CPU = Debug|Any CPU
		Release|Any CPU = Release|Any CPU
	EndGlobalSection
	GlobalSection(ProjectConfigurationPlatforms) = postSolution
		{7707BA87-4E35-4AE5-8885-1D06DA34AFB2}.Debug|Any CPU.ActiveCfg = Debug|Any CPU
		{7707BA87-4E35-4AE5-8885-1D06DA34AFB2}.Debug|Any CPU.Build.0 = Debug|Any CPU
		{7707BA87-4E35-4AE5-8885-1D06DA34AFB2}.Release|Any CPU.ActiveCfg = Release|Any CPU
		{7707BA87-4E35-4AE5-8885-1D06DA34AFB2}.Release|Any CPU.Build.0 = Release|Any CPU
		{D8C6F13A-862B-4CA2-A374-A77A0EBA7396}.Debug|Any CPU.ActiveCfg = Debug|Any CPU
		{D8C6F13A-862B-4CA2-A374-A77A0EBA7396}.Debug|Any CPU.Build.0 = Debug|Any CPU
		{D8C6F13A-862B-4CA2-A374-A77A0EBA7396}.Release|Any CPU.ActiveCfg = Release|Any CPU
		{D8C6F13A-862B-4CA2-A374-A77A0EBA7396}.Release|Any CPU.Build.0 = Release|Any CPU
		{175BB00C-7F7D-462B-9622-4EC4E7558CDA}.Debug|Any CPU.ActiveCfg = Debug|Any CPU
		{175BB00C-7F7D-462B-9622-4EC4E7558CDA}.Debug|Any CPU.Build.0 = Debug|Any CPU
		{175BB00C-7F7D-462B-9622-4EC4E7558CDA}.Release|Any CPU.ActiveCfg = Release|Any CPU
		{175BB00C-7F7D-462B-9622-4EC4E7558CDA}.Release|Any CPU.Build.0 = Release|Any CPU
	EndGlobalSection
	GlobalSection(SolutionProperties) = preSolution
		HideSolutionNode = FALSE
	EndGlobalSection
	GlobalSection(NestedProjects) = preSolution
		{7707BA87-4E35-4AE5-8885-1D06DA34AFB2} = {36235633-B9D3-4155-955F-BBA80421B82E}
		{D8C6F13A-862B-4CA2-A374-A77A0EBA7396} = {9EF2C32F-4D02-4D8B-9569-D015A7FE46D0}
		{175BB00C-7F7D-462B-9622-4EC4E7558CDA} = {9EF2C32F-4D02-4D8B-9569-D015A7FE46D0}
	EndGlobalSection
	GlobalSection(ExtensibilityGlobals) = postSolution
		SolutionGuid = {9ABA4EFC-24A9-428E-8943-F9FA3B9BD594}
	EndGlobalSection
EndGlobal
